
Microsoft Visual Studio Solution File, Format Version 12.00
# Visual Studio Version 16
VisualStudioVersion = 16.0.29613.14
MinimumVisualStudioVersion = 10.0.40219.1
Project("{FAE04EC0-301F-11D3-BF4B-00C04F79EFBC}") = "ProjetoCamadasPOO", "ProjetoCamadasPOO.csproj", "{D385932C-5630-42B8-8E2C-3CE69BBBA897}"
EndProject
Global
	GlobalSection(SolutionConfigurationPlatforms) = preSolution
		Debug|Any CPU = Debug|Any CPU
		Release|Any CPU = Release|Any CPU
	EndGlobalSection
	GlobalSection(ProjectConfigurationPlatforms) = postSolution
		{D385932C-5630-42B8-8E2C-3CE69BBBA897}.Debug|Any CPU.ActiveCfg = Debug|Any CPU
		{D385932C-5630-42B8-8E2C-3CE69BBBA897}.Debug|Any CPU.Build.0 = Debug|Any CPU
		{D385932C-5630-42B8-8E2C-3CE69BBBA897}.Release|Any CPU.ActiveCfg = Release|Any CPU
		{D385932C-5630-42B8-8E2C-3CE69BBBA897}.Release|Any CPU.Build.0 = Release|Any CPU
	EndGlobalSection
	GlobalSection(SolutionProperties) = preSolution
		HideSolutionNode = FALSE
	EndGlobalSection
	GlobalSection(ExtensibilityGlobals) = postSolution
		SolutionGuid = {42B05836-A6AC-4A31-8B03-377FBACA2AF4}
	EndGlobalSection
EndGlobal
